# This file is autogenerated, do not edit; changes may be undone by the next 'dep ensure'.


[[projects]]
  name = "github.com/emersion/go-imap"
  packages = [
    ".",
    "client",
    "commands",
    "responses",
    "utf7"
  ]
  revision = "8c4bfb47d0cae8efd2cc8f13ec25b391cf2b7051"
  version = "v1.0.0"

[[projects]]
  branch = "master"
  name = "github.com/emersion/go-sasl"
  packages = ["."]
  revision = "240c8404624e076f633766c16adbe96c7ac516b7"

[[projects]]
  name = "github.com/go-yaml/yaml"
  packages = ["."]
  revision = "51d6538a90f86fe93ac480b35f37b2be17fef232"
  version = "v2.2.2"

[[projects]]
  name = "golang.org/x/text"
  packages = [
    "encoding",
    "encoding/internal/identifier",
    "internal/gen",
    "transform",
    "unicode/cldr"
  ]
  revision = "342b2e1fbaa52c93f31447ad2c6abc048c63e475"
  version = "v0.3.2"

[[projects]]
  branch = "v2"
  name = "gopkg.in/mgo.v2"
  packages = [
    ".",
    "bson",
    "internal/json",
    "internal/sasl",
    "internal/scram"
  ]
  revision = "a6b53ec6cb22a3699387a57a161566f9402ee85b"

[solve-meta]
  analyzer-name = "dep"
  analyzer-version = 1
  inputs-digest = "866991fd58e6fa7abb652f5a4f9c3e7e45fbe7eb03931bc02ec9267c67269e06"
  solver-name = "gps-cdcl"
  solver-version = 1
